
Microsoft Visual Studio Solution File, Format Version 12.00
# Visual Studio 15
VisualStudioVersion = 15.0.28307.572
MinimumVisualStudioVersion = 10.0.40219.1
Project("{9A19103F-16F7-4668-BE54-9A1E7A4F7556}") = "Hr_management_system", "Hr_management_system.csproj", "{4323CC4D-CF6C-43C2-A899-3D14B742801A}"
EndProject
Global
	GlobalSection(SolutionConfigurationPlatforms) = preSolution
		Debug|Any CPU = Debug|Any CPU
		Release|Any CPU = Release|Any CPU
	EndGlobalSection
	GlobalSection(ProjectConfigurationPlatforms) = postSolution
		{4323CC4D-CF6C-43C2-A899-3D14B742801A}.Debug|Any CPU.ActiveCfg = Debug|Any CPU
		{4323CC4D-CF6C-43C2-A899-3D14B742801A}.Debug|Any CPU.Build.0 = Debug|Any CPU
		{4323CC4D-CF6C-43C2-A899-3D14B742801A}.Release|Any CPU.ActiveCfg = Release|Any CPU
		{4323CC4D-CF6C-43C2-A899-3D14B742801A}.Release|Any CPU.Build.0 = Release|Any CPU
	EndGlobalSection
	GlobalSection(SolutionProperties) = preSolution
		HideSolutionNode = FALSE
	EndGlobalSection
	GlobalSection(ExtensibilityGlobals) = postSolution
		SolutionGuid = {F31B18A7-ADC9-4B50-A073-60F191E23DE3}
	EndGlobalSection
EndGlobal
